
Microsoft Visual Studio Solution File, Format Version 12.00
# Visual Studio Version 16
VisualStudioVersion = 16.0.31613.86
MinimumVisualStudioVersion = 10.0.40219.1
Project("{9A19103F-16F7-4668-BE54-9A1E7A4F7556}") = "FiguresMath", "FiguresMath\FiguresMath.csproj", "{84950026-C9ED-4094-AD33-43DC134DFBDE}"
EndProject
Project("{FAE04EC0-301F-11D3-BF4B-00C04F79EFBC}") = "FiguresMath.Tests", "FiguresMath.Tests\FiguresMath.Tests.csproj", "{03563930-7342-4237-B950-C3D1702246D2}"
EndProject
Global
	GlobalSection(SolutionConfigurationPlatforms) = preSolution
		Debug|Any CPU = Debug|Any CPU
		Release|Any CPU = Release|Any CPU
	EndGlobalSection
	GlobalSection(ProjectConfigurationPlatforms) = postSolution
		{84950026-C9ED-4094-AD33-43DC134DFBDE}.Debug|Any CPU.ActiveCfg = Debug|Any CPU
		{84950026-C9ED-4094-AD33-43DC134DFBDE}.Debug|Any CPU.Build.0 = Debug|Any CPU
		{84950026-C9ED-4094-AD33-43DC134DFBDE}.Release|Any CPU.ActiveCfg = Release|Any CPU
		{84950026-C9ED-4094-AD33-43DC134DFBDE}.Release|Any CPU.Build.0 = Release|Any CPU
		{03563930-7342-4237-B950-C3D1702246D2}.Debug|Any CPU.ActiveCfg = Debug|Any CPU
		{03563930-7342-4237-B950-C3D1702246D2}.Debug|Any CPU.Build.0 = Debug|Any CPU
		{03563930-7342-4237-B950-C3D1702246D2}.Release|Any CPU.ActiveCfg = Release|Any CPU
		{03563930-7342-4237-B950-C3D1702246D2}.Release|Any CPU.Build.0 = Release|Any CPU
	EndGlobalSection
	GlobalSection(SolutionProperties) = preSolution
		HideSolutionNode = FALSE
	EndGlobalSection
	GlobalSection(ExtensibilityGlobals) = postSolution
		SolutionGuid = {49E63A3B-6A9F-4020-917C-0B162473D530}
	EndGlobalSection
EndGlobal
